
Microsoft Visual Studio Solution File, Format Version 12.00
# Visual Studio Version 17
VisualStudioVersion = 17.12.35521.163
MinimumVisualStudioVersion = 10.0.40219.1
Project("{2150E333-8FDC-42A3-9474-1A3956D46DE8}") = "LLM", "LLM", "{0A9AD9A5-A09C-4DDD-B06C-77AEBE3D31C3}"
EndProject
Project("{2150E333-8FDC-42A3-9474-1A3956D46DE8}") = "SemanticKernelDemo", "SemanticKernelDemo", "{7CEC5BBA-584B-40A6-BAC5-6B7F01033DC4}"
EndProject
Project("{FAE04EC0-301F-11D3-BF4B-00C04F79EFBC}") = "AICateringAssistant", "AICateringAssistant\AICateringAssistant.csproj", "{662CDD50-9F54-42C7-A1F7-CB3F42A8EE8C}"
EndProject
Global
	GlobalSection(SolutionConfigurationPlatforms) = preSolution
		Debug|Any CPU = Debug|Any CPU
		Release|Any CPU = Release|Any CPU
	EndGlobalSection
	GlobalSection(ProjectConfigurationPlatforms) = postSolution
		{662CDD50-9F54-42C7-A1F7-CB3F42A8EE8C}.Debug|Any CPU.ActiveCfg = Debug|Any CPU
		{662CDD50-9F54-42C7-A1F7-CB3F42A8EE8C}.Debug|Any CPU.Build.0 = Debug|Any CPU
		{662CDD50-9F54-42C7-A1F7-CB3F42A8EE8C}.Release|Any CPU.ActiveCfg = Release|Any CPU
		{662CDD50-9F54-42C7-A1F7-CB3F42A8EE8C}.Release|Any CPU.Build.0 = Release|Any CPU
	EndGlobalSection
	GlobalSection(SolutionProperties) = preSolution
		HideSolutionNode = FALSE
	EndGlobalSection
	GlobalSection(NestedProjects) = preSolution
		{7CEC5BBA-584B-40A6-BAC5-6B7F01033DC4} = {0A9AD9A5-A09C-4DDD-B06C-77AEBE3D31C3}
		{662CDD50-9F54-42C7-A1F7-CB3F42A8EE8C} = {7CEC5BBA-584B-40A6-BAC5-6B7F01033DC4}
	EndGlobalSection
EndGlobal
